{
  "name": "Project4-grocerlist",
  "requires": true,
  "lockfileVersion": 1,
  "dependencies": {
    "superslide.js": {
      "version": "1.0.0",
      "resolved": "https://registry.npmjs.org/superslide.js/-/superslide.js-1.0.0.tgz",
      "integrity": "sha512-UEdpgMXj6kxxGanz9gKW4X5GWTnOQqne+iFmMHpbmaQ3aHh0n4l7aiwipMaWk7eRBEewH/RL+aHhoFsTSXRv+g=="
    }
  }
}
